// !$*UTF8*$!
{
	archiveVersion = 1;
	classes = {
	};
	objectVersion = 50;
	objects = {

/* Begin PBXBuildFile section */
		C47DE6ED2486A713009156C7 /* AppDelegate.swift in Sources */ = {isa = PBXBuildFile; fileRef = C47DE6EC2486A713009156C7 /* AppDelegate.swift */; };
		C47DE6EF2486A713009156C7 /* SceneDelegate.swift in Sources */ = {isa = PBXBuildFile; fileRef = C47DE6EE2486A713009156C7 /* SceneDelegate.swift */; };
		C47DE6F12486A713009156C7 /* ViewController.swift in Sources */ = {isa = PBXBuildFile; fileRef = C47DE6F02486A713009156C7 /* ViewController.swift */; };
		C47DE6F42486A713009156C7 /* Main.storyboard in Resources */ = {isa = PBXBuildFile; fileRef = C47DE6F22486A713009156C7 /* Main.storyboard */; };
		C47DE6F62486A716009156C7 /* Assets.xcassets in Resources */ = {isa = PBXBuildFile; fileRef = C47DE6F52486A716009156C7 /* Assets.xcassets */; };
		C47DE6F92486A716009156C7 /* LaunchScreen.storyboard in Resources */ = {isa = PBXBuildFile; fileRef = C47DE6F72486A716009156C7 /* LaunchScreen.storyboard */; };
		C47DE7042486A716009156C7 /* testTests.swift in Sources */ = {isa = PBXBuildFile; fileRef = C47DE7032486A716009156C7 /* testTests.swift */; };
		C47DE70F2486A716009156C7 /* testUITests.swift in Sources */ = {isa = PBXBuildFile; fileRef = C47DE70E2486A716009156C7 /* testUITests.swift */; };
/* End PBXBuildFile section */

/* Begin PBXContainerItemProxy section */
		C47DE7002486A716009156C7 /* PBXContainerItemProxy */ = {
			isa = PBXContainerItemProxy;
			containerPortal = C47DE6E12486A713009156C7 /* Project object */;
			proxyType = 1;
			remoteGlobalIDString = C47DE6E82486A713009156C7;
			remoteInfo = test;
		};
		C47DE70B2486A716009156C7 /* PBXContainerItemProxy */ = {
			isa = PBXContainerItemProxy;
			containerPortal = C47DE6E12486A713009156C7 /* Project object */;
			proxyType = 1;
			remoteGlobalIDString = C47DE6E82486A713009156C7;
			remoteInfo = test;
		};
/* End PBXContainerItemProxy section */

/* Begin PBXFileReference section */
		C47DE6E92486A713009156C7 /* test.app */ = {isa = PBXFileReference; explicitFileType = wrapper.application; includeInIndex = 0; path = test.app; sourceTree = BUILT_PRODUCTS_DIR; };
		C47DE6EC2486A713009156C7 /* AppDelegate.swift */ = {isa = PBXFileReference; lastKnownFileType = sourcecode.swift; path = AppDelegate.swift; sourceTree = "<group>"; };
		C47DE6EE2486A713009156C7 /* SceneDelegate.swift */ = {isa = PBXFileReference; lastKnownFileType = sourcecode.swift; path = SceneDelegate.swift; sourceTree = "<group>"; };
		C47DE6F02486A713009156C7 /* ViewController.swift */ = {isa = PBXFileReference; lastKnownFileType = sourcecode.swift; path = ViewController.swift; sourceTree = "<group>"; };
		C47DE6F32486A713009156C7 /* Base */ = {isa = PBXFileReference; lastKnownFileType = file.storyboard; name = Base; path = Base.lproj/Main.storyboard; sourceTree = "<group>"; };
		C47DE6F52486A716009156C7 /* Assets.xcassets */ = {isa = PBXFileReference; lastKnownFileType = folder.assetcatalog; path = Assets.xcassets; sourceTree = "<group>"; };
		C47DE6F82486A716009156C7 /* Base */ = {isa = PBXFileReference; lastKnownFileType = file.storyboard; name = Base; path = Base.lproj/LaunchScreen.storyboard; sourceTree = "<group>"; };
		C47DE6FA2486A716009156C7 /* Info.plist */ = {isa = PBXFileReference; lastKnownFileType = text.plist.xml; path = Info.plist; sourceTree = "<group>"; };
		C47DE6FF2486A716009156C7 /* testTests.xctest */ = {isa = PBXFileReference; explicitFileType = wrapper.cfbundle; includeInIndex = 0; path = testTests.xctest; sourceTree = BUILT_PRODUCTS_DIR; };
		C47DE7032486A716009156C7 /* testTests.swift */ = {isa = PBXFileReference; lastKnownFileType = sourcecode.swift; path = testTests.swift; sourceTree = "<group>"; };
		C47DE7052486A716009156C7 /* Info.plist */ = {isa = PBXFileReference; lastKnownFileType = text.plist.xml; path = Info.plist; sourceTree = "<group>"; };
		C47DE70A2486A716009156C7 /* testUITests.xctest */ = {isa = PBXFileReference; explicitFileType = wrapper.cfbundle; includeInIndex = 0; path = testUITests.xctest; sourceTree = BUILT_PRODUCTS_DIR; };
		C47DE70E2486A716009156C7 /* testUITests.swift */ = {isa = PBXFileReference; lastKnownFileType = sourcecode.swift; path = testUITests.swift; sourceTree = "<group>"; };
		C47DE7102486A716009156C7 /* Info.plist */ = {isa = PBXFileReference; lastKnownFileType = text.plist.xml; path = Info.plist; sourceTree = "<group>"; };
/* End PBXFileReference section */

/* Begin PBXFrameworksBuildPhase section */
		C47DE6E62486A713009156C7 /* Frameworks */ = {
			isa = PBXFrameworksBuildPhase;
			buildActionMask = 2147483647;
			files = (
			);
			runOnlyForDeploymentPostprocessing = 0;
		};
		C47DE6FC2486A716009156C7 /* Frameworks */ = {
			isa = PBXFrameworksBuildPhase;
			buildActionMask = 2147483647;
			files = (
			);
			runOnlyForDeploymentPostprocessing = 0;
		};
		C47DE7072486A716009156C7 /* Frameworks */ = {
			isa = PBXFrameworksBuildPhase;
			buildActionMask = 2147483647;
			files = (
			);
			runOnlyForDeploymentPostprocessing = 0;
		};
/* End PBXFrameworksBuildPhase section */

/* Begin PBXGroup section */
		C47DE6E02486A713009156C7 = {
			isa = PBXGroup;
			children = (
				C47DE6EB2486A713009156C7 /* test */,
				C47DE7022486A716009156C7 /* testTests */,
				C47DE70D2486A716009156C7 /* testUITests */,
				C47DE6EA2486A713009156C7 /* Products */,
			);
			sourceTree = "<group>";
		};
		C47DE6EA2486A713009156C7 /* Products */ = {
			isa = PBXGroup;
			children = (
				C47DE6E92486A713009156C7 /* test.app */,
				C47DE6FF2486A716009156C7 /* testTests.xctest */,
				C47DE70A2486A716009156C7 /* testUITests.xctest */,
			);
			name = Products;
			sourceTree = "<group>";
		};
		C47DE6EB2486A713009156C7 /* test */ = {
			isa = PBXGroup;
			children = (
				C47DE6EC2486A713009156C7 /* AppDelegate.swift */,
				C47DE6EE2486A713009156C7 /* SceneDelegate.swift */,
				C47DE6F02486A713009156C7 /* ViewController.swift */,
				C47DE6F22486A713009156C7 /* Main.storyboard */,
				C47DE6F52486A716009156C7 /* Assets.xcassets */,
				C47DE6F72486A716009156C7 /* LaunchScreen.storyboard */,
				C47DE6FA2486A716009156C7 /* Info.plist */,
			);
			path = test;
			sourceTree = "<group>";
		};
		C47DE7022486A716009156C7 /* testTests */ = {
			isa = PBXGroup;
			children = (
				C47DE7032486A716009156C7 /* testTests.swift */,
				C47DE7052486A716009156C7 /* Info.plist */,
			);
			path = testTests;
			sourceTree = "<group>";
		};
		C47DE70D2486A716009156C7 /* testUITests */ = {
			isa = PBXGroup;
			children = (
				C47DE70E2486A716009156C7 /* testUITests.swift */,
				C47DE7102486A716009156C7 /* Info.plist */,
			);
			path = testUITests;
			sourceTree = "<group>";
		};
/* End PBXGroup section */

/* Begin PBXNativeTarget section */
		C47DE6E82486A713009156C7 /* test */ = {
			isa = PBXNativeTarget;
			buildConfigurationList = C47DE7132486A716009156C7 /* Build configuration list for PBXNativeTarget "test" */;
			buildPhases = (
				C47DE6E52486A713009156C7 /* Sources */,
				C47DE6E62486A713009156C7 /* Frameworks */,
				C47DE6E72486A713009156C7 /* Resources */,
			);
			buildRules = (
			);
			dependencies = (
			);
			name = test;
			productName = test;
			productReference = C47DE6E92486A713009156C7 /* test.app */;
			productType = "com.apple.product-type.application";
		};
		C47DE6FE2486A716009156C7 /* testTests */ = {
			isa = PBXNativeTarget;
			buildConfigurationList = C47DE7162486A716009156C7 /* Build configuration list for PBXNativeTarget "testTests" */;
			buildPhases = (
				C47DE6FB2486A716009156C7 /* Sources */,
				C47DE6FC2486A716009156C7 /* Frameworks */,
				C47DE6FD2486A716009156C7 /* Resources */,
			);
			buildRules = (
			);
			dependencies = (
				C47DE7012486A716009156C7 /* PBXTargetDependency */,
			);
			name = testTests;
			productName = testTests;
			productReference = C47DE6FF2486A716009156C7 /* testTests.xctest */;
			productType = "com.apple.product-type.bundle.unit-test";
		};
		C47DE7092486A716009156C7 /* testUITests */ = {
			isa = PBXNativeTarget;
			buildConfigurationList = C47DE7192486A716009156C7 /* Build configuration list for PBXNativeTarget "testUITests" */;
			buildPhases = (
				C47DE7062486A716009156C7 /* Sources */,
				C47DE7072486A716009156C7 /* Frameworks */,
				C47DE7082486A716009156C7 /* Resources */,
			);
			buildRules = (
			);
			dependencies = (
				C47DE70C2486A716009156C7 /* PBXTargetDependency */,
			);
			name = testUITests;
			productName = testUITests;
			productReference = C47DE70A2486A716009156C7 /* testUITests.xctest */;
			productType = "com.apple.product-type.bundle.ui-testing";
		};
/* End PBXNativeTarget section */

/* Begin PBXProject section */
		C47DE6E12486A713009156C7 /* Project object */ = {
			isa = PBXProject;
			attributes = {
				LastSwiftUpdateCheck = 1140;
				LastUpgradeCheck = 1140;
				ORGANIZATIONNAME = "De Rosia, Zachary";
				TargetAttributes = {
					C47DE6E82486A713009156C7 = {
						CreatedOnToolsVersion = 11.4.1;
					};
					C47DE6FE2486A716009156C7 = {
						CreatedOnToolsVersion = 11.4.1;
						TestTargetID = C47DE6E82486A713009156C7;
					};
					C47DE7092486A716009156C7 = {
						CreatedOnToolsVersion = 11.4.1;
						TestTargetID = C47DE6E82486A713009156C7;
					};
				};
			};
			buildConfigurationList = C47DE6E42486A713009156C7 /* Build configuration list for PBXProject "test" */;
			compatibilityVersion = "Xcode 9.3";
			developmentRegion = en;
			hasScannedForEncodings = 0;
			knownRegions = (
				en,
				Base,
			);
			mainGroup = C47DE6E02486A713009156C7;
			productRefGroup = C47DE6EA2486A713009156C7 /* Products */;
			projectDirPath = "";
			projectRoot = "";
			targets = (
				C47DE6E82486A713009156C7 /* test */,
				C47DE6FE2486A716009156C7 /* testTests */,
				C47DE7092486A716009156C7 /* testUITests */,
			);
		};
/* End PBXProject section */

/* Begin PBXResourcesBuildPhase section */
		C47DE6E72486A713009156C7 /* Resources */ = {
			isa = PBXResourcesBuildPhase;
			buildActionMask = 2147483647;
			files = (
				C47DE6F92486A716009156C7 /* LaunchScreen.storyboard in Resources */,
				C47DE6F62486A716009156C7 /* Assets.xcassets in Resources */,
				C47DE6F42486A713009156C7 /* Main.storyboard in Resources */,
			);
			runOnlyForDeploymentPostprocessing = 0;
		};
		C47DE6FD2486A716009156C7 /* Resources */ = {
			isa = PBXResourcesBuildPhase;
			buildActionMask = 2147483647;
			files = (
			);
			runOnlyForDeploymentPostprocessing = 0;
		};
		C47DE7082486A716009156C7 /* Resources */ = {
			isa = PBXResourcesBuildPhase;
			buildActionMask = 2147483647;
			files = (
			);
			runOnlyForDeploymentPostprocessing = 0;
		};
/* End PBXResourcesBuildPhase section */

/* Begin PBXSourcesBuildPhase section */
		C47DE6E52486A713009156C7 /* Sources */ = {
			isa = PBXSourcesBuildPhase;
			buildActionMask = 2147483647;
			files = (
				C47DE6F12486A713009156C7 /* ViewController.swift in Sources */,
				C47DE6ED2486A713009156C7 /* AppDelegate.swift in Sources */,
				C47DE6EF2486A713009156C7 /* SceneDelegate.swift in Sources */,
			);
			runOnlyForDeploymentPostprocessing = 0;
		};
		C47DE6FB2486A716009156C7 /* Sources */ = {
			isa = PBXSourcesBuildPhase;
			buildActionMask = 2147483647;
			files = (
				C47DE7042486A716009156C7 /* testTests.swift in Sources */,
			);
			runOnlyForDeploymentPostprocessing = 0;
		};
		C47DE7062486A716009156C7 /* Sources */ = {
			isa = PBXSourcesBuildPhase;
			buildActionMask = 2147483647;
			files = (
				C47DE70F2486A716009156C7 /* testUITests.swift in Sources */,
			);
			runOnlyForDeploymentPostprocessing = 0;
		};
/* End PBXSourcesBuildPhase section */

/* Begin PBXTargetDependency section */
		C47DE7012486A716009156C7 /* PBXTargetDependency */ = {
			isa = PBXTargetDependency;
			target = C47DE6E82486A713009156C7 /* test */;
			targetProxy = C47DE7002486A716009156C7 /* PBXContainerItemProxy */;
		};
		C47DE70C2486A716009156C7 /* PBXTargetDependency */ = {
			isa = PBXTargetDependency;
			target = C47DE6E82486A713009156C7 /* test */;
			targetProxy = C47DE70B2486A716009156C7 /* PBXContainerItemProxy */;
		};
/* End PBXTargetDependency section */

/* Begin PBXVariantGroup section */
		C47DE6F22486A713009156C7 /* Main.storyboard */ = {
			isa = PBXVariantGroup;
			children = (
				C47DE6F32486A713009156C7 /* Base */,
			);
			name = Main.storyboard;
			sourceTree = "<group>";
		};
		C47DE6F72486A716009156C7 /* LaunchScreen.storyboard */ = {
			isa = PBXVariantGroup;
			children = (
				C47DE6F82486A716009156C7 /* Base */,
			);
			name = LaunchScreen.storyboard;
			sourceTree = "<group>";
		};
/* End PBXVariantGroup section */

/* Begin XCBuildConfiguration section */
		C47DE7112486A716009156C7 /* Debug */ = {
			isa = XCBuildConfiguration;
			buildSettings = {
				ALWAYS_SEARCH_USER_PATHS = NO;
				CLANG_ANALYZER_NONNULL = YES;
				CLANG_ANALYZER_NUMBER_OBJECT_CONVERSION = YES_AGGRESSIVE;
				CLANG_CXX_LANGUAGE_STANDARD = "gnu++14";
				CLANG_CXX_LIBRARY = "libc++";
				CLANG_ENABLE_MODULES = YES;
				CLANG_ENABLE_OBJC_ARC = YES;
				CLANG_ENABLE_OBJC_WEAK = YES;
				CLANG_WARN_BLOCK_CAPTURE_AUTORELEASING = YES;
				CLANG_WARN_BOOL_CONVERSION = YES;
				CLANG_WARN_COMMA = YES;
				CLANG_WARN_CONSTANT_CONVERSION = YES;
				CLANG_WARN_DEPRECATED_OBJC_IMPLEMENTATIONS = YES;
				CLANG_WARN_DIRECT_OBJC_ISA_USAGE = YES_ERROR;
				CLANG_WARN_DOCUMENTATION_COMMENTS = YES;
				CLANG_WARN_EMPTY_BODY = YES;
				CLANG_WARN_ENUM_CONVERSION = YES;
				CLANG_WARN_INFINITE_RECURSION = YES;
				CLANG_WARN_INT_CONVERSION = YES;
				CLANG_WARN_NON_LITERAL_NULL_CONVERSION = YES;
				CLANG_WARN_OBJC_IMPLICIT_RETAIN_SELF = YES;
				CLANG_WARN_OBJC_LITERAL_CONVERSION = YES;
				CLANG_WARN_OBJC_ROOT_CLASS = YES_ERROR;
				CLANG_WARN_RANGE_LOOP_ANALYSIS = YES;
				CLANG_WARN_STRICT_PROTOTYPES = YES;
				CLANG_WARN_SUSPICIOUS_MOVE = YES;
				CLANG_WARN_UNGUARDED_AVAILABILITY = YES_AGGRESSIVE;
				CLANG_WARN_UNREACHABLE_CODE = YES;
				CLANG_WARN__DUPLICATE_METHOD_MATCH = YES;
				COPY_PHASE_STRIP = NO;
				DEBUG_INFORMATION_FORMAT = dwarf;
				ENABLE_STRICT_OBJC_MSGSEND = YES;
				ENABLE_TESTABILITY = YES;
				GCC_C_LANGUAGE_STANDARD = gnu11;
				GCC_DYNAMIC_NO_PIC = NO;
				GCC_NO_COMMON_BLOCKS = YES;
				GCC_OPTIMIZATION_LEVEL = 0;
				GCC_PREPROCESSOR_DEFINITIONS = (
					"DEBUG=1",
					"$(inherited)",
				);
				GCC_WARN_64_TO_32_BIT_CONVERSION = YES;
				GCC_WARN_ABOUT_RETURN_TYPE = YES_ERROR;
				GCC_WARN_UNDECLARED_SELECTOR = YES;
				GCC_WARN_UNINITIALIZED_AUTOS = YES_AGGRESSIVE;
				GCC_WARN_UNUSED_FUNCTION = YES;
				GCC_WARN_UNUSED_VARIABLE = YES;
				IPHONEOS_DEPLOYMENT_TARGET = 13.4;
				MTL_ENABLE_DEBUG_INFO = INCLUDE_SOURCE;
				MTL_FAST_MATH = YES;
				ONLY_ACTIVE_ARCH = YES;
				SDKROOT = iphoneos;
				SWIFT_ACTIVE_COMPILATION_CONDITIONS = DEBUG;
				SWIFT_OPTIMIZATION_LEVEL = "-Onone";
			};
			name = Debug;
		};
		C47DE7122486A716009156C7 /* Release */ = {
			isa = XCBuildConfiguration;
			buildSettings = {
				ALWAYS_SEARCH_USER_PATHS = NO;
				CLANG_ANALYZER_NONNULL = YES;
				CLANG_ANALYZER_NUMBER_OBJECT_CONVERSION = YES_AGGRESSIVE;
				CLANG_CXX_LANGUAGE_STANDARD = "gnu++14";
				CLANG_CXX_LIBRARY = "libc++";
				CLANG_ENABLE_MODULES = YES;
				CLANG_ENABLE_OBJC_ARC = YES;
				CLANG_ENABLE_OBJC_WEAK = YES;
				CLANG_WARN_BLOCK_CAPTURE_AUTORELEASING = YES;
				CLANG_WARN_BOOL_CONVERSION = YES;
				CLANG_WARN_COMMA = YES;
				CLANG_WARN_CONSTANT_CONVERSION = YES;
				CLANG_WARN_DEPRECATED_OBJC_IMPLEMENTATIONS = YES;
				CLANG_WARN_DIRECT_OBJC_ISA_USAGE = YES_ERROR;
				CLANG_WARN_DOCUMENTATION_COMMENTS = YES;
				CLANG_WARN_EMPTY_BODY = YES;
				CLANG_WARN_ENUM_CONVERSION = YES;
				CLANG_WARN_INFINITE_RECURSION = YES;
				CLANG_WARN_INT_CONVERSION = YES;
				CLANG_WARN_NON_LITERAL_NULL_CONVERSION = YES;
				CLANG_WARN_OBJC_IMPLICIT_RETAIN_SELF = YES;
				CLANG_WARN_OBJC_LITERAL_CONVERSION = YES;
				CLANG_WARN_OBJC_ROOT_CLASS = YES_ERROR;
				CLANG_WARN_RANGE_LOOP_ANALYSIS = YES;
				CLANG_WARN_STRICT_PROTOTYPES = YES;
				CLANG_WARN_SUSPICIOUS_MOVE = YES;
				CLANG_WARN_UNGUARDED_AVAILABILITY = YES_AGGRESSIVE;
				CLANG_WARN_UNREACHABLE_CODE = YES;
				CLANG_WARN__DUPLICATE_METHOD_MATCH = YES;
				COPY_PHASE_STRIP = NO;
				DEBUG_INFORMATION_FORMAT = "dwarf-with-dsym";
				ENABLE_NS_ASSERTIONS = NO;
				ENABLE_STRICT_OBJC_MSGSEND = YES;
				GCC_C_LANGUAGE_STANDARD = gnu11;
				GCC_NO_COMMON_BLOCKS = YES;
				GCC_WARN_64_TO_32_BIT_CONVERSION = YES;
				GCC_WARN_ABOUT_RETURN_TYPE = YES_ERROR;
				GCC_WARN_UNDECLARED_SELECTOR = YES;
				GCC_WARN_UNINITIALIZED_AUTOS = YES_AGGRESSIVE;
				GCC_WARN_UNUSED_FUNCTION = YES;
				GCC_WARN_UNUSED_VARIABLE = YES;
				IPHONEOS_DEPLOYMENT_TARGET = 13.4;
				MTL_ENABLE_DEBUG_INFO = NO;
				MTL_FAST_MATH = YES;
				SDKROOT = iphoneos;
				SWIFT_COMPILATION_MODE = wholemodule;
				SWIFT_OPTIMIZATION_LEVEL = "-O";
				VALIDATE_PRODUCT = YES;
			};
			name = Release;
		};
		C47DE7142486A716009156C7 /* Debug */ = {
			isa = XCBuildConfiguration;
			buildSettings = {
				ASSETCATALOG_COMPILER_APPICON_NAME = AppIcon;
				CODE_SIGN_STYLE = Automatic;
				DEVELOPMENT_TEAM = U2QT734KY4;
				INFOPLIST_FILE = test/Info.plist;
				IPHONEOS_DEPLOYMENT_TARGET = 13.0;
				LD_RUNPATH_SEARCH_PATHS = (
					"$(inherited)",
					"@executable_path/Frameworks",
				);
				PRODUCT_BUNDLE_IDENTIFIER = zderosi.test;
				PRODUCT_NAME = "$(TARGET_NAME)";
				SWIFT_VERSION = 5.0;
				TARGETED_DEVICE_FAMILY = "1,2";
			};
			name = Debug;
		};
		C47DE7152486A716009156C7 /* Release */ = {
			isa = XCBuildConfiguration;
			buildSettings = {
				ASSETCATALOG_COMPILER_APPICON_NAME = AppIcon;
				CODE_SIGN_STYLE = Automatic;
				DEVELOPMENT_TEAM = U2QT734KY4;
				INFOPLIST_FILE = test/Info.plist;
				IPHONEOS_DEPLOYMENT_TARGET = 13.0;
				LD_RUNPATH_SEARCH_PATHS = (
					"$(inherited)",
					"@executable_path/Frameworks",
				);
				PRODUCT_BUNDLE_IDENTIFIER = zderosi.test;
				PRODUCT_NAME = "$(TARGET_NAME)";
				SWIFT_VERSION = 5.0;
				TARGETED_DEVICE_FAMILY = "1,2";
			};
			name = Release;
		};
		C47DE7172486A716009156C7 /* Debug */ = {
			isa = XCBuildConfiguration;
			buildSettings = {
				ALWAYS_EMBED_SWIFT_STANDARD_LIBRARIES = YES;
				BUNDLE_LOADER = "$(TEST_HOST)";
				CODE_SIGN_STYLE = Automatic;
				DEVELOPMENT_TEAM = U2QT734KY4;
				INFOPLIST_FILE = testTests/Info.plist;
				IPHONEOS_DEPLOYMENT_TARGET = 13.4;
				LD_RUNPATH_SEARCH_PATHS = (
					"$(inherited)",
					"@executable_path/Frameworks",
					"@loader_path/Frameworks",
				);
				PRODUCT_BUNDLE_IDENTIFIER = zderosi.testTests;
				PRODUCT_NAME = "$(TARGET_NAME)";
				SWIFT_VERSION = 5.0;
				TARGETED_DEVICE_FAMILY = "1,2";
				TEST_HOST = "$(BUILT_PRODUCTS_DIR)/test.app/test";
			};
			name = Debug;
		};
		C47DE7182486A716009156C7 /* Release */ = {
			isa = XCBuildConfiguration;
			buildSettings = {
				ALWAYS_EMBED_SWIFT_STANDARD_LIBRARIES = YES;
				BUNDLE_LOADER = "$(TEST_HOST)";
				CODE_SIGN_STYLE = Automatic;
				DEVELOPMENT_TEAM = U2QT734KY4;
				INFOPLIST_FILE = testTests/Info.plist;
				IPHONEOS_DEPLOYMENT_TARGET = 13.4;
				LD_RUNPATH_SEARCH_PATHS = (
					"$(inherited)",
					"@executable_path/Frameworks",
					"@loader_path/Frameworks",
				);
				PRODUCT_BUNDLE_IDENTIFIER = zderosi.testTests;
				PRODUCT_NAME = "$(TARGET_NAME)";
				SWIFT_VERSION = 5.0;
				TARGETED_DEVICE_FAMILY = "1,2";
				TEST_HOST = "$(BUILT_PRODUCTS_DIR)/test.app/test";
			};
			name = Release;
		};
		C47DE71A2486A716009156C7 /* Debug */ = {
			isa = XCBuildConfiguration;
			buildSettings = {
				ALWAYS_EMBED_SWIFT_STANDARD_LIBRARIES = YES;
				CODE_SIGN_STYLE = Automatic;
				DEVELOPMENT_TEAM = U2QT734KY4;
				INFOPLIST_FILE = testUITests/Info.plist;
				LD_RUNPATH_SEARCH_PATHS = (
					"$(inherited)",
					"@executable_path/Frameworks",
					"@loader_path/Frameworks",
				);
				PRODUCT_BUNDLE_IDENTIFIER = zderosi.testUITests;
				PRODUCT_NAME = "$(TARGET_NAME)";
				SWIFT_VERSION = 5.0;
				TARGETED_DEVICE_FAMILY = "1,2";
				TEST_TARGET_NAME = test;
			};
			name = Debug;
		};
		C47DE71B2486A716009156C7 /* Release */ = {
			isa = XCBuildConfiguration;
			buildSettings = {
				ALWAYS_EMBED_SWIFT_STANDARD_LIBRARIES = YES;
				CODE_SIGN_STYLE = Automatic;
				DEVELOPMENT_TEAM = U2QT734KY4;
				INFOPLIST_FILE = testUITests/Info.plist;
				LD_RUNPATH_SEARCH_PATHS = (
					"$(inherited)",
					"@executable_path/Frameworks",
					"@loader_path/Frameworks",
				);
				PRODUCT_BUNDLE_IDENTIFIER = zderosi.testUITests;
				PRODUCT_NAME = "$(TARGET_NAME)";
				SWIFT_VERSION = 5.0;
				TARGETED_DEVICE_FAMILY = "1,2";
				TEST_TARGET_NAME = test;
			};
			name = Release;
		};
/* End XCBuildConfiguration section */

/* Begin XCConfigurationList section */
		C47DE6E42486A713009156C7 /* Build configuration list for PBXProject "test" */ = {
			isa = XCConfigurationList;
			buildConfigurations = (
				C47DE7112486A716009156C7 /* Debug */,
				C47DE7122486A716009156C7 /* Release */,
			);
			defaultConfigurationIsVisible = 0;
			defaultConfigurationName = Release;
		};
		C47DE7132486A716009156C7 /* Build configuration list for PBXNativeTarget "test" */ = {
			isa = XCConfigurationList;
			buildConfigurations = (
				C47DE7142486A716009156C7 /* Debug */,
				C47DE7152486A716009156C7 /* Release */,
			);
			defaultConfigurationIsVisible = 0;
			defaultConfigurationName = Release;
		};
		C47DE7162486A716009156C7 /* Build configuration list for PBXNativeTarget "testTests" */ = {
			isa = XCConfigurationList;
			buildConfigurations = (
				C47DE7172486A716009156C7 /* Debug */,
				C47DE7182486A716009156C7 /* Release */,
			);
			defaultConfigurationIsVisible = 0;
			defaultConfigurationName = Release;
		};
		C47DE7192486A716009156C7 /* Build configuration list for PBXNativeTarget "testUITests" */ = {
			isa = XCConfigurationList;
			buildConfigurations = (
				C47DE71A2486A716009156C7 /* Debug */,
				C47DE71B2486A716009156C7 /* Release */,
			);
			defaultConfigurationIsVisible = 0;
			defaultConfigurationName = Release;
		};
/* End XCConfigurationList section */
	};
	rootObject = C47DE6E12486A713009156C7 /* Project object */;
}
